
Microsoft Visual Studio Solution File, Format Version 12.00
# Visual Studio 14
VisualStudioVersion = 14.0.24720.0
MinimumVisualStudioVersion = 10.0.40219.1
Project("{8BC9CEB8-8B4A-11D0-8D11-00A0C91BC942}") = "SkinAnimationDemo", "SkinAnimationDemo\SkinAnimationDemo.vcxproj", "{FC8B1E23-378B-41FE-82A8-39A510C4717B}"
	ProjectSection(ProjectDependencies) = postProject
		{28EF574A-84DB-3CB0-9B45-DB3545B2D05C} = {28EF574A-84DB-3CB0-9B45-DB3545B2D05C}
		{4DCE52A5-106C-3D94-815D-C8EBC6133B5E} = {4DCE52A5-106C-3D94-815D-C8EBC6133B5E}
		{9E48DCB9-B936-4C81-BB4C-F3EAA794A8E8} = {9E48DCB9-B936-4C81-BB4C-F3EAA794A8E8}
		{8ECBBDCD-865E-345B-9496-62B82F2FFEC5} = {8ECBBDCD-865E-345B-9496-62B82F2FFEC5}
		{9BF1ADF3-EB57-35E8-B156-ADE8FFC7E2F0} = {9BF1ADF3-EB57-35E8-B156-ADE8FFC7E2F0}
	EndProjectSection
EndProject
Project("{8BC9CEB8-8B4A-11D0-8D11-00A0C91BC942}") = "tkEngine", "..\tkEngine\tkEngine.vcxproj", "{9E48DCB9-B936-4C81-BB4C-F3EAA794A8E8}"
EndProject
Project("{8BC9CEB8-8B4A-11D0-8D11-00A0C91BC942}") = "BulletDynamics", "..\tkEngine\bulletPhysics\src\BulletDynamics\BulletDynamics.vcxproj", "{9BF1ADF3-EB57-35E8-B156-ADE8FFC7E2F0}"
EndProject
Project("{8BC9CEB8-8B4A-11D0-8D11-00A0C91BC942}") = "BulletCollision", "..\tkEngine\bulletPhysics\src\BulletCollision\BulletCollision.vcxproj", "{28EF574A-84DB-3CB0-9B45-DB3545B2D05C}"
EndProject
Project("{8BC9CEB8-8B4A-11D0-8D11-00A0C91BC942}") = "BulletSoftBody", "..\tkEngine\bulletPhysics\src\BulletSoftBody\BulletSoftBody.vcxproj", "{8ECBBDCD-865E-345B-9496-62B82F2FFEC5}"
EndProject
Project("{8BC9CEB8-8B4A-11D0-8D11-00A0C91BC942}") = "LinearMath", "..\tkEngine\bulletPhysics\src\LinearMath\LinearMath.vcxproj", "{4DCE52A5-106C-3D94-815D-C8EBC6133B5E}"
EndProject
Global
	GlobalSection(SolutionConfigurationPlatforms) = preSolution
		Debug|x64 = Debug|x64
		Debug|x86 = Debug|x86
		MinSizeRel|x64 = MinSizeRel|x64
		MinSizeRel|x86 = MinSizeRel|x86
		Release|x64 = Release|x64
		Release|x86 = Release|x86
		RelWithDebInfo|x64 = RelWithDebInfo|x64
		RelWithDebInfo|x86 = RelWithDebInfo|x86
	EndGlobalSection
	GlobalSection(ProjectConfigurationPlatforms) = postSolution
		{FC8B1E23-378B-41FE-82A8-39A510C4717B}.Debug|x64.ActiveCfg = Debug|x64
		{FC8B1E23-378B-41FE-82A8-39A510C4717B}.Debug|x64.Build.0 = Debug|x64
		{FC8B1E23-378B-41FE-82A8-39A510C4717B}.Debug|x86.ActiveCfg = Debug|Win32
		{FC8B1E23-378B-41FE-82A8-39A510C4717B}.Debug|x86.Build.0 = Debug|Win32
		{FC8B1E23-378B-41FE-82A8-39A510C4717B}.MinSizeRel|x64.ActiveCfg = Release|x64
		{FC8B1E23-378B-41FE-82A8-39A510C4717B}.MinSizeRel|x64.Build.0 = Release|x64
		{FC8B1E23-378B-41FE-82A8-39A510C4717B}.MinSizeRel|x86.ActiveCfg = Release|Win32
		{FC8B1E23-378B-41FE-82A8-39A510C4717B}.MinSizeRel|x86.Build.0 = Release|Win32
		{FC8B1E23-378B-41FE-82A8-39A510C4717B}.Release|x64.ActiveCfg = Release|x64
		{FC8B1E23-378B-41FE-82A8-39A510C4717B}.Release|x64.Build.0 = Release|x64
		{FC8B1E23-378B-41FE-82A8-39A510C4717B}.Release|x86.ActiveCfg = Release|Win32
		{FC8B1E23-378B-41FE-82A8-39A510C4717B}.Release|x86.Build.0 = Release|Win32
		{FC8B1E23-378B-41FE-82A8-39A510C4717B}.RelWithDebInfo|x64.ActiveCfg = Release|x64
		{FC8B1E23-378B-41FE-82A8-39A510C4717B}.RelWithDebInfo|x64.Build.0 = Release|x64
		{FC8B1E23-378B-41FE-82A8-39A510C4717B}.RelWithDebInfo|x86.ActiveCfg = Release|Win32
		{FC8B1E23-378B-41FE-82A8-39A510C4717B}.RelWithDebInfo|x86.Build.0 = Release|Win32
		{9E48DCB9-B936-4C81-BB4C-F3EAA794A8E8}.Debug|x64.ActiveCfg = Debug|x64
		{9E48DCB9-B936-4C81-BB4C-F3EAA794A8E8}.Debug|x64.Build.0 = Debug|x64
		{9E48DCB9-B936-4C81-BB4C-F3EAA794A8E8}.Debug|x86.ActiveCfg = Debug|Win32
		{9E48DCB9-B936-4C81-BB4C-F3EAA794A8E8}.Debug|x86.Build.0 = Debug|Win32
		{9E48DCB9-B936-4C81-BB4C-F3EAA794A8E8}.MinSizeRel|x64.ActiveCfg = Release|x64
		{9E48DCB9-B936-4C81-BB4C-F3EAA794A8E8}.MinSizeRel|x64.Build.0 = Release|x64
		{9E48DCB9-B936-4C81-BB4C-F3EAA794A8E8}.MinSizeRel|x86.ActiveCfg = Release|Win32
		{9E48DCB9-B936-4C81-BB4C-F3EAA794A8E8}.MinSizeRel|x86.Build.0 = Release|Win32
		{9E48DCB9-B936-4C81-BB4C-F3EAA794A8E8}.Release|x64.ActiveCfg = Release|x64
		{9E48DCB9-B936-4C81-BB4C-F3EAA794A8E8}.Release|x64.Build.0 = Release|x64
		{9E48DCB9-B936-4C81-BB4C-F3EAA794A8E8}.Release|x86.ActiveCfg = Release|Win32
		{9E48DCB9-B936-4C81-BB4C-F3EAA794A8E8}.Release|x86.Build.0 = Release|Win32
		{9E48DCB9-B936-4C81-BB4C-F3EAA794A8E8}.RelWithDebInfo|x64.ActiveCfg = Release|x64
		{9E48DCB9-B936-4C81-BB4C-F3EAA794A8E8}.RelWithDebInfo|x64.Build.0 = Release|x64
		{9E48DCB9-B936-4C81-BB4C-F3EAA794A8E8}.RelWithDebInfo|x86.ActiveCfg = Release|Win32
		{9E48DCB9-B936-4C81-BB4C-F3EAA794A8E8}.RelWithDebInfo|x86.Build.0 = Release|Win32
		{9BF1ADF3-EB57-35E8-B156-ADE8FFC7E2F0}.Debug|x64.ActiveCfg = Debug|x64
		{9BF1ADF3-EB57-35E8-B156-ADE8FFC7E2F0}.Debug|x64.Build.0 = Debug|x64
		{9BF1ADF3-EB57-35E8-B156-ADE8FFC7E2F0}.Debug|x86.ActiveCfg = Debug|Win32
		{9BF1ADF3-EB57-35E8-B156-ADE8FFC7E2F0}.Debug|x86.Build.0 = Debug|Win32
		{9BF1ADF3-EB57-35E8-B156-ADE8FFC7E2F0}.MinSizeRel|x64.ActiveCfg = MinSizeRel|x64
		{9BF1ADF3-EB57-35E8-B156-ADE8FFC7E2F0}.MinSizeRel|x64.Build.0 = MinSizeRel|x64
		{9BF1ADF3-EB57-35E8-B156-ADE8FFC7E2F0}.MinSizeRel|x86.ActiveCfg = MinSizeRel|Win32
		{9BF1ADF3-EB57-35E8-B156-ADE8FFC7E2F0}.MinSizeRel|x86.Build.0 = MinSizeRel|Win32
		{9BF1ADF3-EB57-35E8-B156-ADE8FFC7E2F0}.Release|x64.ActiveCfg = Release|x64
		{9BF1ADF3-EB57-35E8-B156-ADE8FFC7E2F0}.Release|x64.Build.0 = Release|x64
		{9BF1ADF3-EB57-35E8-B156-ADE8FFC7E2F0}.Release|x86.ActiveCfg = Release|Win32
		{9BF1ADF3-EB57-35E8-B156-ADE8FFC7E2F0}.Release|x86.Build.0 = Release|Win32
		{9BF1ADF3-EB57-35E8-B156-ADE8FFC7E2F0}.RelWithDebInfo|x64.ActiveCfg = RelWithDebInfo|x64
		{9BF1ADF3-EB57-35E8-B156-ADE8FFC7E2F0}.RelWithDebInfo|x64.Build.0 = RelWithDebInfo|x64
		{9BF1ADF3-EB57-35E8-B156-ADE8FFC7E2F0}.RelWithDebInfo|x86.ActiveCfg = RelWithDebInfo|Win32
		{9BF1ADF3-EB57-35E8-B156-ADE8FFC7E2F0}.RelWithDebInfo|x86.Build.0 = RelWithDebInfo|Win32
		{28EF574A-84DB-3CB0-9B45-DB3545B2D05C}.Debug|x64.ActiveCfg = Debug|x64
		{28EF574A-84DB-3CB0-9B45-DB3545B2D05C}.Debug|x64.Build.0 = Debug|x64
		{28EF574A-84DB-3CB0-9B45-DB3545B2D05C}.Debug|x86.ActiveCfg = Debug|Win32
		{28EF574A-84DB-3CB0-9B45-DB3545B2D05C}.Debug|x86.Build.0 = Debug|Win32
		{28EF574A-84DB-3CB0-9B45-DB3545B2D05C}.MinSizeRel|x64.ActiveCfg = MinSizeRel|x64
		{28EF574A-84DB-3CB0-9B45-DB3545B2D05C}.MinSizeRel|x64.Build.0 = MinSizeRel|x64
		{28EF574A-84DB-3CB0-9B45-DB3545B2D05C}.MinSizeRel|x86.ActiveCfg = MinSizeRel|Win32
		{28EF574A-84DB-3CB0-9B45-DB3545B2D05C}.MinSizeRel|x86.Build.0 = MinSizeRel|Win32
		{28EF574A-84DB-3CB0-9B45-DB3545B2D05C}.Release|x64.ActiveCfg = Release|x64
		{28EF574A-84DB-3CB0-9B45-DB3545B2D05C}.Release|x64.Build.0 = Release|x64
		{28EF574A-84DB-3CB0-9B45-DB3545B2D05C}.Release|x86.ActiveCfg = Release|Win32
		{28EF574A-84DB-3CB0-9B45-DB3545B2D05C}.Release|x86.Build.0 = Release|Win32
		{28EF574A-84DB-3CB0-9B45-DB3545B2D05C}.RelWithDebInfo|x64.ActiveCfg = RelWithDebInfo|x64
		{28EF574A-84DB-3CB0-9B45-DB3545B2D05C}.RelWithDebInfo|x64.Build.0 = RelWithDebInfo|x64
		{28EF574A-84DB-3CB0-9B45-DB3545B2D05C}.RelWithDebInfo|x86.ActiveCfg = RelWithDebInfo|Win32
		{28EF574A-84DB-3CB0-9B45-DB3545B2D05C}.RelWithDebInfo|x86.Build.0 = RelWithDebInfo|Win32
		{8ECBBDCD-865E-345B-9496-62B82F2FFEC5}.Debug|x64.ActiveCfg = Debug|x64
		{8ECBBDCD-865E-345B-9496-62B82F2FFEC5}.Debug|x64.Build.0 = Debug|x64
		{8ECBBDCD-865E-345B-9496-62B82F2FFEC5}.Debug|x86.ActiveCfg = Debug|Win32
		{8ECBBDCD-865E-345B-9496-62B82F2FFEC5}.Debug|x86.Build.0 = Debug|Win32
		{8ECBBDCD-865E-345B-9496-62B82F2FFEC5}.MinSizeRel|x64.ActiveCfg = MinSizeRel|x64
		{8ECBBDCD-865E-345B-9496-62B82F2FFEC5}.MinSizeRel|x64.Build.0 = MinSizeRel|x64
		{8ECBBDCD-865E-345B-9496-62B82F2FFEC5}.MinSizeRel|x86.ActiveCfg = MinSizeRel|Win32
		{8ECBBDCD-865E-345B-9496-62B82F2FFEC5}.MinSizeRel|x86.Build.0 = MinSizeRel|Win32
		{8ECBBDCD-865E-345B-9496-62B82F2FFEC5}.Release|x64.ActiveCfg = Release|x64
		{8ECBBDCD-865E-345B-9496-62B82F2FFEC5}.Release|x64.Build.0 = Release|x64
		{8ECBBDCD-865E-345B-9496-62B82F2FFEC5}.Release|x86.ActiveCfg = Release|Win32
		{8ECBBDCD-865E-345B-9496-62B82F2FFEC5}.Release|x86.Build.0 = Release|Win32
		{8ECBBDCD-865E-345B-9496-62B82F2FFEC5}.RelWithDebInfo|x64.ActiveCfg = RelWithDebInfo|x64
		{8ECBBDCD-865E-345B-9496-62B82F2FFEC5}.RelWithDebInfo|x64.Build.0 = RelWithDebInfo|x64
		{8ECBBDCD-865E-345B-9496-62B82F2FFEC5}.RelWithDebInfo|x86.ActiveCfg = RelWithDebInfo|Win32
		{8ECBBDCD-865E-345B-9496-62B82F2FFEC5}.RelWithDebInfo|x86.Build.0 = RelWithDebInfo|Win32
		{4DCE52A5-106C-3D94-815D-C8EBC6133B5E}.Debug|x64.ActiveCfg = Debug|x64
		{4DCE52A5-106C-3D94-815D-C8EBC6133B5E}.Debug|x64.Build.0 = Debug|x64
		{4DCE52A5-106C-3D94-815D-C8EBC6133B5E}.Debug|x86.ActiveCfg = Debug|Win32
		{4DCE52A5-106C-3D94-815D-C8EBC6133B5E}.Debug|x86.Build.0 = Debug|Win32
		{4DCE52A5-106C-3D94-815D-C8EBC6133B5E}.MinSizeRel|x64.ActiveCfg = MinSizeRel|x64
		{4DCE52A5-106C-3D94-815D-C8EBC6133B5E}.MinSizeRel|x64.Build.0 = MinSizeRel|x64
		{4DCE52A5-106C-3D94-815D-C8EBC6133B5E}.MinSizeRel|x86.ActiveCfg = MinSizeRel|Win32
		{4DCE52A5-106C-3D94-815D-C8EBC6133B5E}.MinSizeRel|x86.Build.0 = MinSizeRel|Win32
		{4DCE52A5-106C-3D94-815D-C8EBC6133B5E}.Release|x64.ActiveCfg = Release|x64
		{4DCE52A5-106C-3D94-815D-C8EBC6133B5E}.Release|x64.Build.0 = Release|x64
		{4DCE52A5-106C-3D94-815D-C8EBC6133B5E}.Release|x86.ActiveCfg = Release|Win32
		{4DCE52A5-106C-3D94-815D-C8EBC6133B5E}.Release|x86.Build.0 = Release|Win32
		{4DCE52A5-106C-3D94-815D-C8EBC6133B5E}.RelWithDebInfo|x64.ActiveCfg = RelWithDebInfo|x64
		{4DCE52A5-106C-3D94-815D-C8EBC6133B5E}.RelWithDebInfo|x64.Build.0 = RelWithDebInfo|x64
		{4DCE52A5-106C-3D94-815D-C8EBC6133B5E}.RelWithDebInfo|x86.ActiveCfg = RelWithDebInfo|Win32
		{4DCE52A5-106C-3D94-815D-C8EBC6133B5E}.RelWithDebInfo|x86.Build.0 = RelWithDebInfo|Win32
	EndGlobalSection
	GlobalSection(SolutionProperties) = preSolution
		HideSolutionNode = FALSE
	EndGlobalSection
EndGlobal
